// !$*UTF8*$!
{
	archiveVersion = 1;
	classes = {
	};
	objectVersion = 46;
	objects = {

/* Begin PBXBuildFile section */
		ADB6D5331DEDD9E000A7CB46 /* AppDelegate.swift in Sources */ = {isa = PBXBuildFile; fileRef = ADB6D5321DEDD9E000A7CB46 /* AppDelegate.swift */; };
		ADB6D5351DEDD9E000A7CB46 /* ViewController.swift in Sources */ = {isa = PBXBuildFile; fileRef = ADB6D5341DEDD9E000A7CB46 /* ViewController.swift */; };
		ADB6D5381DEDD9E000A7CB46 /* Main.storyboard in Resources */ = {isa = PBXBuildFile; fileRef = ADB6D5361DEDD9E000A7CB46 /* Main.storyboard */; };
		ADB6D53B1DEDD9E000A7CB46 /* SearchGitHub.xcdatamodeld in Sources */ = {isa = PBXBuildFile; fileRef = ADB6D5391DEDD9E000A7CB46 /* SearchGitHub.xcdatamodeld */; };
		ADB6D53D1DEDD9E000A7CB46 /* Assets.xcassets in Resources */ = {isa = PBXBuildFile; fileRef = ADB6D53C1DEDD9E000A7CB46 /* Assets.xcassets */; };
		ADB6D5401DEDD9E000A7CB46 /* LaunchScreen.storyboard in Resources */ = {isa = PBXBuildFile; fileRef = ADB6D53E1DEDD9E000A7CB46 /* LaunchScreen.storyboard */; };
		ADB6D54B1DEDD9E000A7CB46 /* SearchGitHubTests.swift in Sources */ = {isa = PBXBuildFile; fileRef = ADB6D54A1DEDD9E000A7CB46 /* SearchGitHubTests.swift */; };
/* End PBXBuildFile section */

/* Begin PBXContainerItemProxy section */
		ADB6D5471DEDD9E000A7CB46 /* PBXContainerItemProxy */ = {
			isa = PBXContainerItemProxy;
			containerPortal = ADB6D5271DEDD9E000A7CB46 /* Project object */;
			proxyType = 1;
			remoteGlobalIDString = ADB6D52E1DEDD9E000A7CB46;
			remoteInfo = SearchGitHub;
		};
/* End PBXContainerItemProxy section */

/* Begin PBXFileReference section */
		ADB6D52F1DEDD9E000A7CB46 /* SearchGitHub.app */ = {isa = PBXFileReference; explicitFileType = wrapper.application; includeInIndex = 0; path = SearchGitHub.app; sourceTree = BUILT_PRODUCTS_DIR; };
		ADB6D5321DEDD9E000A7CB46 /* AppDelegate.swift */ = {isa = PBXFileReference; lastKnownFileType = sourcecode.swift; path = AppDelegate.swift; sourceTree = "<group>"; };
		ADB6D5341DEDD9E000A7CB46 /* ViewController.swift */ = {isa = PBXFileReference; lastKnownFileType = sourcecode.swift; path = ViewController.swift; sourceTree = "<group>"; };
		ADB6D5371DEDD9E000A7CB46 /* Base */ = {isa = PBXFileReference; lastKnownFileType = file.storyboard; name = Base; path = Base.lproj/Main.storyboard; sourceTree = "<group>"; };
		ADB6D53A1DEDD9E000A7CB46 /* SearchGitHub.xcdatamodel */ = {isa = PBXFileReference; lastKnownFileType = wrapper.xcdatamodel; path = SearchGitHub.xcdatamodel; sourceTree = "<group>"; };
		ADB6D53C1DEDD9E000A7CB46 /* Assets.xcassets */ = {isa = PBXFileReference; lastKnownFileType = folder.assetcatalog; path = Assets.xcassets; sourceTree = "<group>"; };
		ADB6D53F1DEDD9E000A7CB46 /* Base */ = {isa = PBXFileReference; lastKnownFileType = file.storyboard; name = Base; path = Base.lproj/LaunchScreen.storyboard; sourceTree = "<group>"; };
		ADB6D5411DEDD9E000A7CB46 /* Info.plist */ = {isa = PBXFileReference; lastKnownFileType = text.plist.xml; path = Info.plist; sourceTree = "<group>"; };
		ADB6D5461DEDD9E000A7CB46 /* SearchGitHubTests.xctest */ = {isa = PBXFileReference; explicitFileType = wrapper.cfbundle; includeInIndex = 0; path = SearchGitHubTests.xctest; sourceTree = BUILT_PRODUCTS_DIR; };
		ADB6D54A1DEDD9E000A7CB46 /* SearchGitHubTests.swift */ = {isa = PBXFileReference; lastKnownFileType = sourcecode.swift; path = SearchGitHubTests.swift; sourceTree = "<group>"; };
		ADB6D54C1DEDD9E100A7CB46 /* Info.plist */ = {isa = PBXFileReference; lastKnownFileType = text.plist.xml; path = Info.plist; sourceTree = "<group>"; };
/* End PBXFileReference section */

/* Begin PBXFrameworksBuildPhase section */
		ADB6D52C1DEDD9E000A7CB46 /* Frameworks */ = {
			isa = PBXFrameworksBuildPhase;
			buildActionMask = 2147483647;
			files = (
			);
			runOnlyForDeploymentPostprocessing = 0;
		};
		ADB6D5431DEDD9E000A7CB46 /* Frameworks */ = {
			isa = PBXFrameworksBuildPhase;
			buildActionMask = 2147483647;
			files = (
			);
			runOnlyForDeploymentPostprocessing = 0;
		};
/* End PBXFrameworksBuildPhase section */

/* Begin PBXGroup section */
		ADB6D5261DEDD9E000A7CB46 = {
			isa = PBXGroup;
			children = (
				ADB6D5311DEDD9E000A7CB46 /* SearchGitHub */,
				ADB6D5491DEDD9E000A7CB46 /* SearchGitHubTests */,
				ADB6D5301DEDD9E000A7CB46 /* Products */,
			);
			sourceTree = "<group>";
		};
		ADB6D5301DEDD9E000A7CB46 /* Products */ = {
			isa = PBXGroup;
			children = (
				ADB6D52F1DEDD9E000A7CB46 /* SearchGitHub.app */,
				ADB6D5461DEDD9E000A7CB46 /* SearchGitHubTests.xctest */,
			);
			name = Products;
			sourceTree = "<group>";
		};
		ADB6D5311DEDD9E000A7CB46 /* SearchGitHub */ = {
			isa = PBXGroup;
			children = (
				ADB6D5321DEDD9E000A7CB46 /* AppDelegate.swift */,
				ADB6D5341DEDD9E000A7CB46 /* ViewController.swift */,
				ADB6D5361DEDD9E000A7CB46 /* Main.storyboard */,
				ADB6D53C1DEDD9E000A7CB46 /* Assets.xcassets */,
				ADB6D53E1DEDD9E000A7CB46 /* LaunchScreen.storyboard */,
				ADB6D5411DEDD9E000A7CB46 /* Info.plist */,
				ADB6D5391DEDD9E000A7CB46 /* SearchGitHub.xcdatamodeld */,
			);
			path = SearchGitHub;
			sourceTree = "<group>";
		};
		ADB6D5491DEDD9E000A7CB46 /* SearchGitHubTests */ = {
			isa = PBXGroup;
			children = (
				ADB6D54A1DEDD9E000A7CB46 /* SearchGitHubTests.swift */,
				ADB6D54C1DEDD9E100A7CB46 /* Info.plist */,
			);
			path = SearchGitHubTests;
			sourceTree = "<group>";
		};
/* End PBXGroup section */

/* Begin PBXNativeTarget section */
		ADB6D52E1DEDD9E000A7CB46 /* SearchGitHub */ = {
			isa = PBXNativeTarget;
			buildConfigurationList = ADB6D54F1DEDD9E100A7CB46 /* Build configuration list for PBXNativeTarget "SearchGitHub" */;
			buildPhases = (
				ADB6D52B1DEDD9E000A7CB46 /* Sources */,
				ADB6D52C1DEDD9E000A7CB46 /* Frameworks */,
				ADB6D52D1DEDD9E000A7CB46 /* Resources */,
			);
			buildRules = (
			);
			dependencies = (
			);
			name = SearchGitHub;
			productName = SearchGitHub;
			productReference = ADB6D52F1DEDD9E000A7CB46 /* SearchGitHub.app */;
			productType = "com.apple.product-type.application";
		};
		ADB6D5451DEDD9E000A7CB46 /* SearchGitHubTests */ = {
			isa = PBXNativeTarget;
			buildConfigurationList = ADB6D5521DEDD9E100A7CB46 /* Build configuration list for PBXNativeTarget "SearchGitHubTests" */;
			buildPhases = (
				ADB6D5421DEDD9E000A7CB46 /* Sources */,
				ADB6D5431DEDD9E000A7CB46 /* Frameworks */,
				ADB6D5441DEDD9E000A7CB46 /* Resources */,
			);
			buildRules = (
			);
			dependencies = (
				ADB6D5481DEDD9E000A7CB46 /* PBXTargetDependency */,
			);
			name = SearchGitHubTests;
			productName = SearchGitHubTests;
			productReference = ADB6D5461DEDD9E000A7CB46 /* SearchGitHubTests.xctest */;
			productType = "com.apple.product-type.bundle.unit-test";
		};
/* End PBXNativeTarget section */

/* Begin PBXProject section */
		ADB6D5271DEDD9E000A7CB46 /* Project object */ = {
			isa = PBXProject;
			attributes = {
				LastSwiftUpdateCheck = 0800;
				LastUpgradeCheck = 0800;
				ORGANIZATIONNAME = "Ana Mamic";
				TargetAttributes = {
					ADB6D52E1DEDD9E000A7CB46 = {
						CreatedOnToolsVersion = 8.0;
						ProvisioningStyle = Automatic;
					};
					ADB6D5451DEDD9E000A7CB46 = {
						CreatedOnToolsVersion = 8.0;
						ProvisioningStyle = Automatic;
						TestTargetID = ADB6D52E1DEDD9E000A7CB46;
					};
				};
			};
			buildConfigurationList = ADB6D52A1DEDD9E000A7CB46 /* Build configuration list for PBXProject "SearchGitHub" */;
			compatibilityVersion = "Xcode 3.2";
			developmentRegion = English;
			hasScannedForEncodings = 0;
			knownRegions = (
				en,
				Base,
			);
			mainGroup = ADB6D5261DEDD9E000A7CB46;
			productRefGroup = ADB6D5301DEDD9E000A7CB46 /* Products */;
			projectDirPath = "";
			projectRoot = "";
			targets = (
				ADB6D52E1DEDD9E000A7CB46 /* SearchGitHub */,
				ADB6D5451DEDD9E000A7CB46 /* SearchGitHubTests */,
			);
		};
/* End PBXProject section */

/* Begin PBXResourcesBuildPhase section */
		ADB6D52D1DEDD9E000A7CB46 /* Resources */ = {
			isa = PBXResourcesBuildPhase;
			buildActionMask = 2147483647;
			files = (
				ADB6D5401DEDD9E000A7CB46 /* LaunchScreen.storyboard in Resources */,
				ADB6D53D1DEDD9E000A7CB46 /* Assets.xcassets in Resources */,
				ADB6D5381DEDD9E000A7CB46 /* Main.storyboard in Resources */,
			);
			runOnlyForDeploymentPostprocessing = 0;
		};
		ADB6D5441DEDD9E000A7CB46 /* Resources */ = {
			isa = PBXResourcesBuildPhase;
			buildActionMask = 2147483647;
			files = (
			);
			runOnlyForDeploymentPostprocessing = 0;
		};
/* End PBXResourcesBuildPhase section */

/* Begin PBXSourcesBuildPhase section */
		ADB6D52B1DEDD9E000A7CB46 /* Sources */ = {
			isa = PBXSourcesBuildPhase;
			buildActionMask = 2147483647;
			files = (
				ADB6D5351DEDD9E000A7CB46 /* ViewController.swift in Sources */,
				ADB6D5331DEDD9E000A7CB46 /* AppDelegate.swift in Sources */,
				ADB6D53B1DEDD9E000A7CB46 /* SearchGitHub.xcdatamodeld in Sources */,
			);
			runOnlyForDeploymentPostprocessing = 0;
		};
		ADB6D5421DEDD9E000A7CB46 /* Sources */ = {
			isa = PBXSourcesBuildPhase;
			buildActionMask = 2147483647;
			files = (
				ADB6D54B1DEDD9E000A7CB46 /* SearchGitHubTests.swift in Sources */,
			);
			runOnlyForDeploymentPostprocessing = 0;
		};
/* End PBXSourcesBuildPhase section */

/* Begin PBXTargetDependency section */
		ADB6D5481DEDD9E000A7CB46 /* PBXTargetDependency */ = {
			isa = PBXTargetDependency;
			target = ADB6D52E1DEDD9E000A7CB46 /* SearchGitHub */;
			targetProxy = ADB6D5471DEDD9E000A7CB46 /* PBXContainerItemProxy */;
		};
/* End PBXTargetDependency section */

/* Begin PBXVariantGroup section */
		ADB6D5361DEDD9E000A7CB46 /* Main.storyboard */ = {
			isa = PBXVariantGroup;
			children = (
				ADB6D5371DEDD9E000A7CB46 /* Base */,
			);
			name = Main.storyboard;
			sourceTree = "<group>";
		};
		ADB6D53E1DEDD9E000A7CB46 /* LaunchScreen.storyboard */ = {
			isa = PBXVariantGroup;
			children = (
				ADB6D53F1DEDD9E000A7CB46 /* Base */,
			);
			name = LaunchScreen.storyboard;
			sourceTree = "<group>";
		};
/* End PBXVariantGroup section */

/* Begin XCBuildConfiguration section */
		ADB6D54D1DEDD9E100A7CB46 /* Debug */ = {
			isa = XCBuildConfiguration;
			buildSettings = {
				ALWAYS_SEARCH_USER_PATHS = NO;
				CLANG_ANALYZER_NONNULL = YES;
				CLANG_CXX_LANGUAGE_STANDARD = "gnu++0x";
				CLANG_CXX_LIBRARY = "libc++";
				CLANG_ENABLE_MODULES = YES;
				CLANG_ENABLE_OBJC_ARC = YES;
				CLANG_WARN_BOOL_CONVERSION = YES;
				CLANG_WARN_CONSTANT_CONVERSION = YES;
				CLANG_WARN_DIRECT_OBJC_ISA_USAGE = YES_ERROR;
				CLANG_WARN_DOCUMENTATION_COMMENTS = YES;
				CLANG_WARN_EMPTY_BODY = YES;
				CLANG_WARN_ENUM_CONVERSION = YES;
				CLANG_WARN_INFINITE_RECURSION = YES;
				CLANG_WARN_INT_CONVERSION = YES;
				CLANG_WARN_OBJC_ROOT_CLASS = YES_ERROR;
				CLANG_WARN_SUSPICIOUS_MOVES = YES;
				CLANG_WARN_UNREACHABLE_CODE = YES;
				CLANG_WARN__DUPLICATE_METHOD_MATCH = YES;
				"CODE_SIGN_IDENTITY[sdk=iphoneos*]" = "iPhone Developer";
				COPY_PHASE_STRIP = NO;
				DEBUG_INFORMATION_FORMAT = dwarf;
				ENABLE_STRICT_OBJC_MSGSEND = YES;
				ENABLE_TESTABILITY = YES;
				GCC_C_LANGUAGE_STANDARD = gnu99;
				GCC_DYNAMIC_NO_PIC = NO;
				GCC_NO_COMMON_BLOCKS = YES;
				GCC_OPTIMIZATION_LEVEL = 0;
				GCC_PREPROCESSOR_DEFINITIONS = (
					"DEBUG=1",
					"$(inherited)",
				);
				GCC_WARN_64_TO_32_BIT_CONVERSION = YES;
				GCC_WARN_ABOUT_RETURN_TYPE = YES_ERROR;
				GCC_WARN_UNDECLARED_SELECTOR = YES;
				GCC_WARN_UNINITIALIZED_AUTOS = YES_AGGRESSIVE;
				GCC_WARN_UNUSED_FUNCTION = YES;
				GCC_WARN_UNUSED_VARIABLE = YES;
				IPHONEOS_DEPLOYMENT_TARGET = 10.0;
				MTL_ENABLE_DEBUG_INFO = YES;
				ONLY_ACTIVE_ARCH = YES;
				SDKROOT = iphoneos;
				SWIFT_ACTIVE_COMPILATION_CONDITIONS = DEBUG;
				SWIFT_OPTIMIZATION_LEVEL = "-Onone";
				TARGETED_DEVICE_FAMILY = "1,2";
			};
			name = Debug;
		};
		ADB6D54E1DEDD9E100A7CB46 /* Release */ = {
			isa = XCBuildConfiguration;
			buildSettings = {
				ALWAYS_SEARCH_USER_PATHS = NO;
				CLANG_ANALYZER_NONNULL = YES;
				CLANG_CXX_LANGUAGE_STANDARD = "gnu++0x";
				CLANG_CXX_LIBRARY = "libc++";
				CLANG_ENABLE_MODULES = YES;
				CLANG_ENABLE_OBJC_ARC = YES;
				CLANG_WARN_BOOL_CONVERSION = YES;
				CLANG_WARN_CONSTANT_CONVERSION = YES;
				CLANG_WARN_DIRECT_OBJC_ISA_USAGE = YES_ERROR;
				CLANG_WARN_DOCUMENTATION_COMMENTS = YES;
				CLANG_WARN_EMPTY_BODY = YES;
				CLANG_WARN_ENUM_CONVERSION = YES;
				CLANG_WARN_INFINITE_RECURSION = YES;
				CLANG_WARN_INT_CONVERSION = YES;
				CLANG_WARN_OBJC_ROOT_CLASS = YES_ERROR;
				CLANG_WARN_SUSPICIOUS_MOVES = YES;
				CLANG_WARN_UNREACHABLE_CODE = YES;
				CLANG_WARN__DUPLICATE_METHOD_MATCH = YES;
				"CODE_SIGN_IDENTITY[sdk=iphoneos*]" = "iPhone Developer";
				COPY_PHASE_STRIP = NO;
				DEBUG_INFORMATION_FORMAT = "dwarf-with-dsym";
				ENABLE_NS_ASSERTIONS = NO;
				ENABLE_STRICT_OBJC_MSGSEND = YES;
				GCC_C_LANGUAGE_STANDARD = gnu99;
				GCC_NO_COMMON_BLOCKS = YES;
				GCC_WARN_64_TO_32_BIT_CONVERSION = YES;
				GCC_WARN_ABOUT_RETURN_TYPE = YES_ERROR;
				GCC_WARN_UNDECLARED_SELECTOR = YES;
				GCC_WARN_UNINITIALIZED_AUTOS = YES_AGGRESSIVE;
				GCC_WARN_UNUSED_FUNCTION = YES;
				GCC_WARN_UNUSED_VARIABLE = YES;
				IPHONEOS_DEPLOYMENT_TARGET = 10.0;
				MTL_ENABLE_DEBUG_INFO = NO;
				SDKROOT = iphoneos;
				SWIFT_OPTIMIZATION_LEVEL = "-Owholemodule";
				TARGETED_DEVICE_FAMILY = "1,2";
				VALIDATE_PRODUCT = YES;
			};
			name = Release;
		};
		ADB6D5501DEDD9E100A7CB46 /* Debug */ = {
			isa = XCBuildConfiguration;
			buildSettings = {
				ASSETCATALOG_COMPILER_APPICON_NAME = AppIcon;
				INFOPLIST_FILE = SearchGitHub/Info.plist;
				LD_RUNPATH_SEARCH_PATHS = "$(inherited) @executable_path/Frameworks";
				PRODUCT_BUNDLE_IDENTIFIER = com.example.SearchGitHub;
				PRODUCT_NAME = "$(TARGET_NAME)";
				SWIFT_VERSION = 3.0;
			};
			name = Debug;
		};
		ADB6D5511DEDD9E100A7CB46 /* Release */ = {
			isa = XCBuildConfiguration;
			buildSettings = {
				ASSETCATALOG_COMPILER_APPICON_NAME = AppIcon;
				INFOPLIST_FILE = SearchGitHub/Info.plist;
				LD_RUNPATH_SEARCH_PATHS = "$(inherited) @executable_path/Frameworks";
				PRODUCT_BUNDLE_IDENTIFIER = com.example.SearchGitHub;
				PRODUCT_NAME = "$(TARGET_NAME)";
				SWIFT_VERSION = 3.0;
			};
			name = Release;
		};
		ADB6D5531DEDD9E100A7CB46 /* Debug */ = {
			isa = XCBuildConfiguration;
			buildSettings = {
				ALWAYS_EMBED_SWIFT_STANDARD_LIBRARIES = YES;
				BUNDLE_LOADER = "$(TEST_HOST)";
				INFOPLIST_FILE = SearchGitHubTests/Info.plist;
				LD_RUNPATH_SEARCH_PATHS = "$(inherited) @executable_path/Frameworks @loader_path/Frameworks";
				PRODUCT_BUNDLE_IDENTIFIER = com.example.SearchGitHubTests;
				PRODUCT_NAME = "$(TARGET_NAME)";
				SWIFT_VERSION = 3.0;
				TEST_HOST = "$(BUILT_PRODUCTS_DIR)/SearchGitHub.app/SearchGitHub";
			};
			name = Debug;
		};
		ADB6D5541DEDD9E100A7CB46 /* Release */ = {
			isa = XCBuildConfiguration;
			buildSettings = {
				ALWAYS_EMBED_SWIFT_STANDARD_LIBRARIES = YES;
				BUNDLE_LOADER = "$(TEST_HOST)";
				INFOPLIST_FILE = SearchGitHubTests/Info.plist;
				LD_RUNPATH_SEARCH_PATHS = "$(inherited) @executable_path/Frameworks @loader_path/Frameworks";
				PRODUCT_BUNDLE_IDENTIFIER = com.example.SearchGitHubTests;
				PRODUCT_NAME = "$(TARGET_NAME)";
				SWIFT_VERSION = 3.0;
				TEST_HOST = "$(BUILT_PRODUCTS_DIR)/SearchGitHub.app/SearchGitHub";
			};
			name = Release;
		};
/* End XCBuildConfiguration section */

/* Begin XCConfigurationList section */
		ADB6D52A1DEDD9E000A7CB46 /* Build configuration list for PBXProject "SearchGitHub" */ = {
			isa = XCConfigurationList;
			buildConfigurations = (
				ADB6D54D1DEDD9E100A7CB46 /* Debug */,
				ADB6D54E1DEDD9E100A7CB46 /* Release */,
			);
			defaultConfigurationIsVisible = 0;
			defaultConfigurationName = Release;
		};
		ADB6D54F1DEDD9E100A7CB46 /* Build configuration list for PBXNativeTarget "SearchGitHub" */ = {
			isa = XCConfigurationList;
			buildConfigurations = (
				ADB6D5501DEDD9E100A7CB46 /* Debug */,
				ADB6D5511DEDD9E100A7CB46 /* Release */,
			);
			defaultConfigurationIsVisible = 0;
		};
		ADB6D5521DEDD9E100A7CB46 /* Build configuration list for PBXNativeTarget "SearchGitHubTests" */ = {
			isa = XCConfigurationList;
			buildConfigurations = (
				ADB6D5531DEDD9E100A7CB46 /* Debug */,
				ADB6D5541DEDD9E100A7CB46 /* Release */,
			);
			defaultConfigurationIsVisible = 0;
		};
/* End XCConfigurationList section */

/* Begin XCVersionGroup section */
		ADB6D5391DEDD9E000A7CB46 /* SearchGitHub.xcdatamodeld */ = {
			isa = XCVersionGroup;
			children = (
				ADB6D53A1DEDD9E000A7CB46 /* SearchGitHub.xcdatamodel */,
			);
			currentVersion = ADB6D53A1DEDD9E000A7CB46 /* SearchGitHub.xcdatamodel */;
			path = SearchGitHub.xcdatamodeld;
			sourceTree = "<group>";
			versionGroupType = wrapper.xcdatamodel;
		};
/* End XCVersionGroup section */
	};
	rootObject = ADB6D5271DEDD9E000A7CB46 /* Project object */;
}
